
Microsoft Visual Studio Solution File, Format Version 12.00
# Visual Studio 15
VisualStudioVersion = 15.0.27703.2042
MinimumVisualStudioVersion = 10.0.40219.1
Project("{FAE04EC0-301F-11D3-BF4B-00C04F79EFBC}") = "MinStack", "MinStack\MinStack.csproj", "{9A03A654-47CC-48DA-B60C-F7B40859F76A}"
EndProject
Global
	GlobalSection(SolutionConfigurationPlatforms) = preSolution
		Debug|Any CPU = Debug|Any CPU
		Release|Any CPU = Release|Any CPU
	EndGlobalSection
	GlobalSection(ProjectConfigurationPlatforms) = postSolution
		{9A03A654-47CC-48DA-B60C-F7B40859F76A}.Debug|Any CPU.ActiveCfg = Debug|Any CPU
		{9A03A654-47CC-48DA-B60C-F7B40859F76A}.Debug|Any CPU.Build.0 = Debug|Any CPU
		{9A03A654-47CC-48DA-B60C-F7B40859F76A}.Release|Any CPU.ActiveCfg = Release|Any CPU
		{9A03A654-47CC-48DA-B60C-F7B40859F76A}.Release|Any CPU.Build.0 = Release|Any CPU
	EndGlobalSection
	GlobalSection(SolutionProperties) = preSolution
		HideSolutionNode = FALSE
	EndGlobalSection
	GlobalSection(ExtensibilityGlobals) = postSolution
		SolutionGuid = {5C41EA82-8CA7-4527-814C-5E41D56467CB}
	EndGlobalSection
EndGlobal
