
Microsoft Visual Studio Solution File, Format Version 12.00
# Visual Studio 15
VisualStudioVersion = 15.0.27004.2002
MinimumVisualStudioVersion = 10.0.40219.1
Project("{FAE04EC0-301F-11D3-BF4B-00C04F79EFBC}") = "HammingDistance", "HammingDistance\HammingDistance.csproj", "{C57E49C4-0544-4AD4-876C-BB667030784C}"
EndProject
Global
	GlobalSection(SolutionConfigurationPlatforms) = preSolution
		Debug|Any CPU = Debug|Any CPU
		Release|Any CPU = Release|Any CPU
	EndGlobalSection
	GlobalSection(ProjectConfigurationPlatforms) = postSolution
		{C57E49C4-0544-4AD4-876C-BB667030784C}.Debug|Any CPU.ActiveCfg = Debug|Any CPU
		{C57E49C4-0544-4AD4-876C-BB667030784C}.Debug|Any CPU.Build.0 = Debug|Any CPU
		{C57E49C4-0544-4AD4-876C-BB667030784C}.Release|Any CPU.ActiveCfg = Release|Any CPU
		{C57E49C4-0544-4AD4-876C-BB667030784C}.Release|Any CPU.Build.0 = Release|Any CPU
	EndGlobalSection
	GlobalSection(SolutionProperties) = preSolution
		HideSolutionNode = FALSE
	EndGlobalSection
	GlobalSection(ExtensibilityGlobals) = postSolution
		SolutionGuid = {01BA54B7-66C3-4D11-95B3-621924F5BB72}
	EndGlobalSection
EndGlobal
