
Microsoft Visual Studio Solution File, Format Version 12.00
# Visual Studio 15
VisualStudioVersion = 15.0.27703.2042
MinimumVisualStudioVersion = 10.0.40219.1
Project("{FAE04EC0-301F-11D3-BF4B-00C04F79EFBC}") = "BaseballGame", "BaseballGame\BaseballGame.csproj", "{EDE9AB95-0A49-4282-8B8C-CD03E4FDFF47}"
EndProject
Global
	GlobalSection(SolutionConfigurationPlatforms) = preSolution
		Debug|Any CPU = Debug|Any CPU
		Release|Any CPU = Release|Any CPU
	EndGlobalSection
	GlobalSection(ProjectConfigurationPlatforms) = postSolution
		{EDE9AB95-0A49-4282-8B8C-CD03E4FDFF47}.Debug|Any CPU.ActiveCfg = Debug|Any CPU
		{EDE9AB95-0A49-4282-8B8C-CD03E4FDFF47}.Debug|Any CPU.Build.0 = Debug|Any CPU
		{EDE9AB95-0A49-4282-8B8C-CD03E4FDFF47}.Release|Any CPU.ActiveCfg = Release|Any CPU
		{EDE9AB95-0A49-4282-8B8C-CD03E4FDFF47}.Release|Any CPU.Build.0 = Release|Any CPU
	EndGlobalSection
	GlobalSection(SolutionProperties) = preSolution
		HideSolutionNode = FALSE
	EndGlobalSection
	GlobalSection(ExtensibilityGlobals) = postSolution
		SolutionGuid = {0FF29338-0486-48A2-8616-397892388429}
	EndGlobalSection
EndGlobal
