
Microsoft Visual Studio Solution File, Format Version 12.00
# Visual Studio 15
VisualStudioVersion = 15.0.27703.2042
MinimumVisualStudioVersion = 10.0.40219.1
Project("{FAE04EC0-301F-11D3-BF4B-00C04F79EFBC}") = "FindFriendCircles", "FindFriendCircles\FindFriendCircles.csproj", "{21A4CA0F-08EE-4C52-BB26-29B01AF9600E}"
EndProject
Global
	GlobalSection(SolutionConfigurationPlatforms) = preSolution
		Debug|Any CPU = Debug|Any CPU
		Release|Any CPU = Release|Any CPU
	EndGlobalSection
	GlobalSection(ProjectConfigurationPlatforms) = postSolution
		{21A4CA0F-08EE-4C52-BB26-29B01AF9600E}.Debug|Any CPU.ActiveCfg = Debug|Any CPU
		{21A4CA0F-08EE-4C52-BB26-29B01AF9600E}.Debug|Any CPU.Build.0 = Debug|Any CPU
		{21A4CA0F-08EE-4C52-BB26-29B01AF9600E}.Release|Any CPU.ActiveCfg = Release|Any CPU
		{21A4CA0F-08EE-4C52-BB26-29B01AF9600E}.Release|Any CPU.Build.0 = Release|Any CPU
	EndGlobalSection
	GlobalSection(SolutionProperties) = preSolution
		HideSolutionNode = FALSE
	EndGlobalSection
	GlobalSection(ExtensibilityGlobals) = postSolution
		SolutionGuid = {490046BF-8BB7-4C51-B447-A6C2FF02CC24}
	EndGlobalSection
EndGlobal
