
Microsoft Visual Studio Solution File, Format Version 12.00
# Visual Studio 15
VisualStudioVersion = 15.0.27703.2042
MinimumVisualStudioVersion = 10.0.40219.1
Project("{FAE04EC0-301F-11D3-BF4B-00C04F79EFBC}") = "MergeSort", "MergeSort\MergeSort.csproj", "{80A04B58-5FF2-4067-A756-B43FD3E19B2D}"
EndProject
Project("{FAE04EC0-301F-11D3-BF4B-00C04F79EFBC}") = "MergeSort.Tests", "MergeSort.Tests\MergeSort.Tests.csproj", "{2465E22B-1450-4CB5-BA0F-0CA283419AD0}"
EndProject
Global
	GlobalSection(SolutionConfigurationPlatforms) = preSolution
		Debug|Any CPU = Debug|Any CPU
		Release|Any CPU = Release|Any CPU
	EndGlobalSection
	GlobalSection(ProjectConfigurationPlatforms) = postSolution
		{80A04B58-5FF2-4067-A756-B43FD3E19B2D}.Debug|Any CPU.ActiveCfg = Debug|Any CPU
		{80A04B58-5FF2-4067-A756-B43FD3E19B2D}.Debug|Any CPU.Build.0 = Debug|Any CPU
		{80A04B58-5FF2-4067-A756-B43FD3E19B2D}.Release|Any CPU.ActiveCfg = Release|Any CPU
		{80A04B58-5FF2-4067-A756-B43FD3E19B2D}.Release|Any CPU.Build.0 = Release|Any CPU
		{2465E22B-1450-4CB5-BA0F-0CA283419AD0}.Debug|Any CPU.ActiveCfg = Debug|Any CPU
		{2465E22B-1450-4CB5-BA0F-0CA283419AD0}.Debug|Any CPU.Build.0 = Debug|Any CPU
		{2465E22B-1450-4CB5-BA0F-0CA283419AD0}.Release|Any CPU.ActiveCfg = Release|Any CPU
		{2465E22B-1450-4CB5-BA0F-0CA283419AD0}.Release|Any CPU.Build.0 = Release|Any CPU
	EndGlobalSection
	GlobalSection(SolutionProperties) = preSolution
		HideSolutionNode = FALSE
	EndGlobalSection
	GlobalSection(ExtensibilityGlobals) = postSolution
		SolutionGuid = {2C943355-664C-4BDF-86D5-22E4A001FFC1}
	EndGlobalSection
EndGlobal
